// !$*UTF8*$!
{
	archiveVersion = 1;
	classes = {
	};
	objectVersion = 50;
	objects = {

/* Begin PBXBuildFile section */
		222DE9DC223480BB008D61BA /* Chart.h in Headers */ = {isa = PBXBuildFile; fileRef = 222DE9DA223480BB008D61BA /* Chart.h */; settings = {ATTRIBUTES = (Public, ); }; };
		222DE9E82234816A008D61BA /* ChartView.swift in Sources */ = {isa = PBXBuildFile; fileRef = 222DE9E72234816A008D61BA /* ChartView.swift */; };
		22CD1C72223D2E4E00587449 /* TrackingType.swift in Sources */ = {isa = PBXBuildFile; fileRef = 22CD1C71223D2E4E00587449 /* TrackingType.swift */; };
		22CD1C74223D4F8600587449 /* CAShapeLayer+Track.swift in Sources */ = {isa = PBXBuildFile; fileRef = 22CD1C73223D4F8600587449 /* CAShapeLayer+Track.swift */; };
		22CD1C76223D5E7900587449 /* MathFunctions.swift in Sources */ = {isa = PBXBuildFile; fileRef = 22CD1C75223D5E7900587449 /* MathFunctions.swift */; };
		22CD1C78223D9B4500587449 /* ThumbLayer.swift in Sources */ = {isa = PBXBuildFile; fileRef = 22CD1C77223D9B4500587449 /* ThumbLayer.swift */; };
		22D52743223B02B30051B6E7 /* IntRangeExtensions.swift in Sources */ = {isa = PBXBuildFile; fileRef = 22D52742223B02B30051B6E7 /* IntRangeExtensions.swift */; };
		22D52745223B06410051B6E7 /* IntArrayExtensions.swift in Sources */ = {isa = PBXBuildFile; fileRef = 22D52744223B06410051B6E7 /* IntArrayExtensions.swift */; };
		22D52747223B0C000051B6E7 /* ChartRangeSlider.swift in Sources */ = {isa = PBXBuildFile; fileRef = 22D52746223B0C000051B6E7 /* ChartRangeSlider.swift */; };
		22E01EEA2238409500100D12 /* Chart.swift in Sources */ = {isa = PBXBuildFile; fileRef = 22E01EE92238409500100D12 /* Chart.swift */; };
		22E01EEC223843C800100D12 /* Graph.swift in Sources */ = {isa = PBXBuildFile; fileRef = 22E01EEB223843C800100D12 /* Graph.swift */; };
		22E01EEF22384A4800100D12 /* GraphLayer.swift in Sources */ = {isa = PBXBuildFile; fileRef = 22E01EEE22384A4800100D12 /* GraphLayer.swift */; };
		22E01EF4223864E000100D12 /* ChartLayer.swift in Sources */ = {isa = PBXBuildFile; fileRef = 22E01EF3223864E000100D12 /* ChartLayer.swift */; };
		22E01EF622386A8800100D12 /* IBChart.swift in Sources */ = {isa = PBXBuildFile; fileRef = 22E01EF522386A8800100D12 /* IBChart.swift */; };
/* End PBXBuildFile section */

/* Begin PBXFileReference section */
		222DE9D7223480BB008D61BA /* Chart.framework */ = {isa = PBXFileReference; explicitFileType = wrapper.framework; includeInIndex = 0; path = Chart.framework; sourceTree = BUILT_PRODUCTS_DIR; };
		222DE9DA223480BB008D61BA /* Chart.h */ = {isa = PBXFileReference; lastKnownFileType = sourcecode.c.h; path = Chart.h; sourceTree = "<group>"; };
		222DE9DB223480BB008D61BA /* Info.plist */ = {isa = PBXFileReference; lastKnownFileType = text.plist.xml; path = Info.plist; sourceTree = "<group>"; };
		222DE9E72234816A008D61BA /* ChartView.swift */ = {isa = PBXFileReference; lastKnownFileType = sourcecode.swift; path = ChartView.swift; sourceTree = "<group>"; };
		22CD1C71223D2E4E00587449 /* TrackingType.swift */ = {isa = PBXFileReference; lastKnownFileType = sourcecode.swift; path = TrackingType.swift; sourceTree = "<group>"; };
		22CD1C73223D4F8600587449 /* CAShapeLayer+Track.swift */ = {isa = PBXFileReference; lastKnownFileType = sourcecode.swift; path = "CAShapeLayer+Track.swift"; sourceTree = "<group>"; };
		22CD1C75223D5E7900587449 /* MathFunctions.swift */ = {isa = PBXFileReference; lastKnownFileType = sourcecode.swift; path = MathFunctions.swift; sourceTree = "<group>"; };
		22CD1C77223D9B4500587449 /* ThumbLayer.swift */ = {isa = PBXFileReference; lastKnownFileType = sourcecode.swift; path = ThumbLayer.swift; sourceTree = "<group>"; };
		22D52742223B02B30051B6E7 /* IntRangeExtensions.swift */ = {isa = PBXFileReference; lastKnownFileType = sourcecode.swift; path = IntRangeExtensions.swift; sourceTree = "<group>"; };
		22D52744223B06410051B6E7 /* IntArrayExtensions.swift */ = {isa = PBXFileReference; lastKnownFileType = sourcecode.swift; path = IntArrayExtensions.swift; sourceTree = "<group>"; };
		22D52746223B0C000051B6E7 /* ChartRangeSlider.swift */ = {isa = PBXFileReference; lastKnownFileType = sourcecode.swift; path = ChartRangeSlider.swift; sourceTree = "<group>"; };
		22E01EE92238409500100D12 /* Chart.swift */ = {isa = PBXFileReference; lastKnownFileType = sourcecode.swift; path = Chart.swift; sourceTree = "<group>"; };
		22E01EEB223843C800100D12 /* Graph.swift */ = {isa = PBXFileReference; lastKnownFileType = sourcecode.swift; path = Graph.swift; sourceTree = "<group>"; };
		22E01EEE22384A4800100D12 /* GraphLayer.swift */ = {isa = PBXFileReference; lastKnownFileType = sourcecode.swift; path = GraphLayer.swift; sourceTree = "<group>"; };
		22E01EF3223864E000100D12 /* ChartLayer.swift */ = {isa = PBXFileReference; lastKnownFileType = sourcecode.swift; path = ChartLayer.swift; sourceTree = "<group>"; };
		22E01EF522386A8800100D12 /* IBChart.swift */ = {isa = PBXFileReference; lastKnownFileType = sourcecode.swift; path = IBChart.swift; sourceTree = "<group>"; };
/* End PBXFileReference section */

/* Begin PBXFrameworksBuildPhase section */
		222DE9D4223480BB008D61BA /* Frameworks */ = {
			isa = PBXFrameworksBuildPhase;
			buildActionMask = 2147483647;
			files = (
			);
			runOnlyForDeploymentPostprocessing = 0;
		};
/* End PBXFrameworksBuildPhase section */

/* Begin PBXGroup section */
		222DE9CD223480BB008D61BA = {
			isa = PBXGroup;
			children = (
				222DE9D9223480BB008D61BA /* Chart */,
				222DE9D8223480BB008D61BA /* Products */,
			);
			sourceTree = "<group>";
		};
		222DE9D8223480BB008D61BA /* Products */ = {
			isa = PBXGroup;
			children = (
				222DE9D7223480BB008D61BA /* Chart.framework */,
			);
			name = Products;
			sourceTree = "<group>";
		};
		222DE9D9223480BB008D61BA /* Chart */ = {
			isa = PBXGroup;
			children = (
				222DE9DA223480BB008D61BA /* Chart.h */,
				222DE9DB223480BB008D61BA /* Info.plist */,
				22E01EE82238408900100D12 /* Model */,
				22E01EED22384A2D00100D12 /* View */,
				22E01EF0223855E300100D12 /* Extensions */,
			);
			path = Chart;
			sourceTree = "<group>";
		};
		22D5274A223B10000051B6E7 /* ChartSlider */ = {
			isa = PBXGroup;
			children = (
				22D52746223B0C000051B6E7 /* ChartRangeSlider.swift */,
				22CD1C71223D2E4E00587449 /* TrackingType.swift */,
				22CD1C77223D9B4500587449 /* ThumbLayer.swift */,
				22CD1C73223D4F8600587449 /* CAShapeLayer+Track.swift */,
			);
			path = ChartSlider;
			sourceTree = "<group>";
		};
		22E01EE82238408900100D12 /* Model */ = {
			isa = PBXGroup;
			children = (
				22E01EE92238409500100D12 /* Chart.swift */,
				22E01EEB223843C800100D12 /* Graph.swift */,
			);
			path = Model;
			sourceTree = "<group>";
		};
		22E01EED22384A2D00100D12 /* View */ = {
			isa = PBXGroup;
			children = (
				222DE9E72234816A008D61BA /* ChartView.swift */,
				22E01EF3223864E000100D12 /* ChartLayer.swift */,
				22E01EEE22384A4800100D12 /* GraphLayer.swift */,
				22D5274A223B10000051B6E7 /* ChartSlider */,
			);
			path = View;
			sourceTree = "<group>";
		};
		22E01EF0223855E300100D12 /* Extensions */ = {
			isa = PBXGroup;
			children = (
				22E01EF522386A8800100D12 /* IBChart.swift */,
				22D52742223B02B30051B6E7 /* IntRangeExtensions.swift */,
				22D52744223B06410051B6E7 /* IntArrayExtensions.swift */,
				22CD1C75223D5E7900587449 /* MathFunctions.swift */,
			);
			path = Extensions;
			sourceTree = "<group>";
		};
/* End PBXGroup section */

/* Begin PBXHeadersBuildPhase section */
		222DE9D2223480BB008D61BA /* Headers */ = {
			isa = PBXHeadersBuildPhase;
			buildActionMask = 2147483647;
			files = (
				222DE9DC223480BB008D61BA /* Chart.h in Headers */,
			);
			runOnlyForDeploymentPostprocessing = 0;
		};
/* End PBXHeadersBuildPhase section */

/* Begin PBXNativeTarget section */
		222DE9D6223480BB008D61BA /* Chart */ = {
			isa = PBXNativeTarget;
			buildConfigurationList = 222DE9DF223480BB008D61BA /* Build configuration list for PBXNativeTarget "Chart" */;
			buildPhases = (
				222DE9D2223480BB008D61BA /* Headers */,
				222DE9D3223480BB008D61BA /* Sources */,
				222DE9D4223480BB008D61BA /* Frameworks */,
				222DE9D5223480BB008D61BA /* Resources */,
			);
			buildRules = (
			);
			dependencies = (
			);
			name = Chart;
			productName = Chart;
			productReference = 222DE9D7223480BB008D61BA /* Chart.framework */;
			productType = "com.apple.product-type.framework";
		};
/* End PBXNativeTarget section */

/* Begin PBXProject section */
		222DE9CE223480BB008D61BA /* Project object */ = {
			isa = PBXProject;
			attributes = {
				LastUpgradeCheck = 1010;
				ORGANIZATIONNAME = "Vojko Vladimir";
				TargetAttributes = {
					222DE9D6223480BB008D61BA = {
						CreatedOnToolsVersion = 10.1;
						LastSwiftMigration = 1010;
					};
				};
			};
			buildConfigurationList = 222DE9D1223480BB008D61BA /* Build configuration list for PBXProject "Chart" */;
			compatibilityVersion = "Xcode 9.3";
			developmentRegion = en;
			hasScannedForEncodings = 0;
			knownRegions = (
				en,
			);
			mainGroup = 222DE9CD223480BB008D61BA;
			productRefGroup = 222DE9D8223480BB008D61BA /* Products */;
			projectDirPath = "";
			projectRoot = "";
			targets = (
				222DE9D6223480BB008D61BA /* Chart */,
			);
		};
/* End PBXProject section */

/* Begin PBXResourcesBuildPhase section */
		222DE9D5223480BB008D61BA /* Resources */ = {
			isa = PBXResourcesBuildPhase;
			buildActionMask = 2147483647;
			files = (
			);
			runOnlyForDeploymentPostprocessing = 0;
		};
/* End PBXResourcesBuildPhase section */

/* Begin PBXSourcesBuildPhase section */
		222DE9D3223480BB008D61BA /* Sources */ = {
			isa = PBXSourcesBuildPhase;
			buildActionMask = 2147483647;
			files = (
				22CD1C78223D9B4500587449 /* ThumbLayer.swift in Sources */,
				22CD1C72223D2E4E00587449 /* TrackingType.swift in Sources */,
				22D52743223B02B30051B6E7 /* IntRangeExtensions.swift in Sources */,
				22E01EEC223843C800100D12 /* Graph.swift in Sources */,
				222DE9E82234816A008D61BA /* ChartView.swift in Sources */,
				22E01EEF22384A4800100D12 /* GraphLayer.swift in Sources */,
				22E01EF4223864E000100D12 /* ChartLayer.swift in Sources */,
				22D52745223B06410051B6E7 /* IntArrayExtensions.swift in Sources */,
				22CD1C76223D5E7900587449 /* MathFunctions.swift in Sources */,
				22E01EF622386A8800100D12 /* IBChart.swift in Sources */,
				22CD1C74223D4F8600587449 /* CAShapeLayer+Track.swift in Sources */,
				22E01EEA2238409500100D12 /* Chart.swift in Sources */,
				22D52747223B0C000051B6E7 /* ChartRangeSlider.swift in Sources */,
			);
			runOnlyForDeploymentPostprocessing = 0;
		};
/* End PBXSourcesBuildPhase section */

/* Begin XCBuildConfiguration section */
		222DE9DD223480BB008D61BA /* Debug */ = {
			isa = XCBuildConfiguration;
			buildSettings = {
				ALWAYS_SEARCH_USER_PATHS = NO;
				CLANG_ANALYZER_NONNULL = YES;
				CLANG_ANALYZER_NUMBER_OBJECT_CONVERSION = YES_AGGRESSIVE;
				CLANG_CXX_LANGUAGE_STANDARD = "gnu++14";
				CLANG_CXX_LIBRARY = "libc++";
				CLANG_ENABLE_MODULES = YES;
				CLANG_ENABLE_OBJC_ARC = YES;
				CLANG_ENABLE_OBJC_WEAK = YES;
				CLANG_WARN_BLOCK_CAPTURE_AUTORELEASING = YES;
				CLANG_WARN_BOOL_CONVERSION = YES;
				CLANG_WARN_COMMA = YES;
				CLANG_WARN_CONSTANT_CONVERSION = YES;
				CLANG_WARN_DEPRECATED_OBJC_IMPLEMENTATIONS = YES;
				CLANG_WARN_DIRECT_OBJC_ISA_USAGE = YES_ERROR;
				CLANG_WARN_DOCUMENTATION_COMMENTS = YES;
				CLANG_WARN_EMPTY_BODY = YES;
				CLANG_WARN_ENUM_CONVERSION = YES;
				CLANG_WARN_INFINITE_RECURSION = YES;
				CLANG_WARN_INT_CONVERSION = YES;
				CLANG_WARN_NON_LITERAL_NULL_CONVERSION = YES;
				CLANG_WARN_OBJC_IMPLICIT_RETAIN_SELF = YES;
				CLANG_WARN_OBJC_LITERAL_CONVERSION = YES;
				CLANG_WARN_OBJC_ROOT_CLASS = YES_ERROR;
				CLANG_WARN_RANGE_LOOP_ANALYSIS = YES;
				CLANG_WARN_STRICT_PROTOTYPES = YES;
				CLANG_WARN_SUSPICIOUS_MOVE = YES;
				CLANG_WARN_UNGUARDED_AVAILABILITY = YES_AGGRESSIVE;
				CLANG_WARN_UNREACHABLE_CODE = YES;
				CLANG_WARN__DUPLICATE_METHOD_MATCH = YES;
				CODE_SIGN_IDENTITY = "iPhone Developer";
				COPY_PHASE_STRIP = NO;
				CURRENT_PROJECT_VERSION = 1;
				DEBUG_INFORMATION_FORMAT = dwarf;
				ENABLE_STRICT_OBJC_MSGSEND = YES;
				ENABLE_TESTABILITY = YES;
				GCC_C_LANGUAGE_STANDARD = gnu11;
				GCC_DYNAMIC_NO_PIC = NO;
				GCC_NO_COMMON_BLOCKS = YES;
				GCC_OPTIMIZATION_LEVEL = 0;
				GCC_PREPROCESSOR_DEFINITIONS = (
					"DEBUG=1",
					"$(inherited)",
				);
				GCC_WARN_64_TO_32_BIT_CONVERSION = YES;
				GCC_WARN_ABOUT_RETURN_TYPE = YES_ERROR;
				GCC_WARN_UNDECLARED_SELECTOR = YES;
				GCC_WARN_UNINITIALIZED_AUTOS = YES_AGGRESSIVE;
				GCC_WARN_UNUSED_FUNCTION = YES;
				GCC_WARN_UNUSED_VARIABLE = YES;
				IPHONEOS_DEPLOYMENT_TARGET = 12.1;
				MTL_ENABLE_DEBUG_INFO = INCLUDE_SOURCE;
				MTL_FAST_MATH = YES;
				ONLY_ACTIVE_ARCH = YES;
				SDKROOT = iphoneos;
				SWIFT_ACTIVE_COMPILATION_CONDITIONS = DEBUG;
				SWIFT_OPTIMIZATION_LEVEL = "-Onone";
				VERSIONING_SYSTEM = "apple-generic";
				VERSION_INFO_PREFIX = "";
			};
			name = Debug;
		};
		222DE9DE223480BB008D61BA /* Release */ = {
			isa = XCBuildConfiguration;
			buildSettings = {
				ALWAYS_SEARCH_USER_PATHS = NO;
				CLANG_ANALYZER_NONNULL = YES;
				CLANG_ANALYZER_NUMBER_OBJECT_CONVERSION = YES_AGGRESSIVE;
				CLANG_CXX_LANGUAGE_STANDARD = "gnu++14";
				CLANG_CXX_LIBRARY = "libc++";
				CLANG_ENABLE_MODULES = YES;
				CLANG_ENABLE_OBJC_ARC = YES;
				CLANG_ENABLE_OBJC_WEAK = YES;
				CLANG_WARN_BLOCK_CAPTURE_AUTORELEASING = YES;
				CLANG_WARN_BOOL_CONVERSION = YES;
				CLANG_WARN_COMMA = YES;
				CLANG_WARN_CONSTANT_CONVERSION = YES;
				CLANG_WARN_DEPRECATED_OBJC_IMPLEMENTATIONS = YES;
				CLANG_WARN_DIRECT_OBJC_ISA_USAGE = YES_ERROR;
				CLANG_WARN_DOCUMENTATION_COMMENTS = YES;
				CLANG_WARN_EMPTY_BODY = YES;
				CLANG_WARN_ENUM_CONVERSION = YES;
				CLANG_WARN_INFINITE_RECURSION = YES;
				CLANG_WARN_INT_CONVERSION = YES;
				CLANG_WARN_NON_LITERAL_NULL_CONVERSION = YES;
				CLANG_WARN_OBJC_IMPLICIT_RETAIN_SELF = YES;
				CLANG_WARN_OBJC_LITERAL_CONVERSION = YES;
				CLANG_WARN_OBJC_ROOT_CLASS = YES_ERROR;
				CLANG_WARN_RANGE_LOOP_ANALYSIS = YES;
				CLANG_WARN_STRICT_PROTOTYPES = YES;
				CLANG_WARN_SUSPICIOUS_MOVE = YES;
				CLANG_WARN_UNGUARDED_AVAILABILITY = YES_AGGRESSIVE;
				CLANG_WARN_UNREACHABLE_CODE = YES;
				CLANG_WARN__DUPLICATE_METHOD_MATCH = YES;
				CODE_SIGN_IDENTITY = "iPhone Developer";
				COPY_PHASE_STRIP = NO;
				CURRENT_PROJECT_VERSION = 1;
				DEBUG_INFORMATION_FORMAT = "dwarf-with-dsym";
				ENABLE_NS_ASSERTIONS = NO;
				ENABLE_STRICT_OBJC_MSGSEND = YES;
				GCC_C_LANGUAGE_STANDARD = gnu11;
				GCC_NO_COMMON_BLOCKS = YES;
				GCC_WARN_64_TO_32_BIT_CONVERSION = YES;
				GCC_WARN_ABOUT_RETURN_TYPE = YES_ERROR;
				GCC_WARN_UNDECLARED_SELECTOR = YES;
				GCC_WARN_UNINITIALIZED_AUTOS = YES_AGGRESSIVE;
				GCC_WARN_UNUSED_FUNCTION = YES;
				GCC_WARN_UNUSED_VARIABLE = YES;
				IPHONEOS_DEPLOYMENT_TARGET = 12.1;
				MTL_ENABLE_DEBUG_INFO = NO;
				MTL_FAST_MATH = YES;
				SDKROOT = iphoneos;
				SWIFT_COMPILATION_MODE = wholemodule;
				SWIFT_OPTIMIZATION_LEVEL = "-O";
				VALIDATE_PRODUCT = YES;
				VERSIONING_SYSTEM = "apple-generic";
				VERSION_INFO_PREFIX = "";
			};
			name = Release;
		};
		222DE9E0223480BB008D61BA /* Debug */ = {
			isa = XCBuildConfiguration;
			buildSettings = {
				CLANG_ENABLE_MODULES = YES;
				CODE_SIGN_IDENTITY = "";
				CODE_SIGN_STYLE = Automatic;
				DEFINES_MODULE = YES;
				DEVELOPMENT_TEAM = AC5YWC3JZT;
				DYLIB_COMPATIBILITY_VERSION = 1;
				DYLIB_CURRENT_VERSION = 1;
				DYLIB_INSTALL_NAME_BASE = "@rpath";
				INFOPLIST_FILE = Chart/Info.plist;
				INSTALL_PATH = "$(LOCAL_LIBRARY_DIR)/Frameworks";
				LD_RUNPATH_SEARCH_PATHS = (
					"$(inherited)",
					"@executable_path/Frameworks",
					"@loader_path/Frameworks",
				);
				PRODUCT_BUNDLE_IDENTIFIER = com.vojkovladimir.Chart;
				PRODUCT_NAME = "$(TARGET_NAME:c99extidentifier)";
				SKIP_INSTALL = YES;
				SWIFT_OPTIMIZATION_LEVEL = "-Onone";
				SWIFT_VERSION = 4.2;
				TARGETED_DEVICE_FAMILY = "1,2";
			};
			name = Debug;
		};
		222DE9E1223480BB008D61BA /* Release */ = {
			isa = XCBuildConfiguration;
			buildSettings = {
				CLANG_ENABLE_MODULES = YES;
				CODE_SIGN_IDENTITY = "";
				CODE_SIGN_STYLE = Automatic;
				DEFINES_MODULE = YES;
				DEVELOPMENT_TEAM = AC5YWC3JZT;
				DYLIB_COMPATIBILITY_VERSION = 1;
				DYLIB_CURRENT_VERSION = 1;
				DYLIB_INSTALL_NAME_BASE = "@rpath";
				INFOPLIST_FILE = Chart/Info.plist;
				INSTALL_PATH = "$(LOCAL_LIBRARY_DIR)/Frameworks";
				LD_RUNPATH_SEARCH_PATHS = (
					"$(inherited)",
					"@executable_path/Frameworks",
					"@loader_path/Frameworks",
				);
				PRODUCT_BUNDLE_IDENTIFIER = com.vojkovladimir.Chart;
				PRODUCT_NAME = "$(TARGET_NAME:c99extidentifier)";
				SKIP_INSTALL = YES;
				SWIFT_VERSION = 4.2;
				TARGETED_DEVICE_FAMILY = "1,2";
			};
			name = Release;
		};
/* End XCBuildConfiguration section */

/* Begin XCConfigurationList section */
		222DE9D1223480BB008D61BA /* Build configuration list for PBXProject "Chart" */ = {
			isa = XCConfigurationList;
			buildConfigurations = (
				222DE9DD223480BB008D61BA /* Debug */,
				222DE9DE223480BB008D61BA /* Release */,
			);
			defaultConfigurationIsVisible = 0;
			defaultConfigurationName = Release;
		};
		222DE9DF223480BB008D61BA /* Build configuration list for PBXNativeTarget "Chart" */ = {
			isa = XCConfigurationList;
			buildConfigurations = (
				222DE9E0223480BB008D61BA /* Debug */,
				222DE9E1223480BB008D61BA /* Release */,
			);
			defaultConfigurationIsVisible = 0;
			defaultConfigurationName = Release;
		};
/* End XCConfigurationList section */
	};
	rootObject = 222DE9CE223480BB008D61BA /* Project object */;
}
